<?xml version="1.0" encoding="utf-8"?>
<Project ToolsVersion="4.0" xmlns="http://schemas.microsoft.com/developer/msbuild/2003">
  <ItemGroup>
    <Filter Include="Source Files">
      <UniqueIdentifier>{4FC737F1-C7A5-4376-A066-2A32D752A2FF}</UniqueIdentifier>
      <Extensions>cpp;c;cc;cxx;def;odl;idl;hpj;bat;asm;asmx</Extensions>
    </Filter>
    <Filter Include="include">
      <UniqueIdentifier>{30de50b7-b307-48fe-a18c-3b2e962d4f98}</UniqueIdentifier>
    </Filter>
    <Filter Include="src">
      <UniqueIdentifier>{19ec906b-6327-4a8d-ae19-094dcf95440d}</UniqueIdentifier>
    </Filter>
    <Filter Include="CubePathPlanning">
      <UniqueIdentifier>{c4a4d3eb-69cb-4055-aa4d-d50ea1f34ff5}</UniqueIdentifier>
    </Filter>
    <Filter Include="Tetrahedron">
      <UniqueIdentifier>{9c545a5a-f452-4ccd-a016-732cdb7e1211}</UniqueIdentifier>
    </Filter>
    <Filter Include="Octahedron">
      <UniqueIdentifier>{40abc6dd-dcd4-4ca0-8f61-3b05db9c10f0}</UniqueIdentifier>
    </Filter>
  </ItemGroup>
  <ItemGroup>
    <ClCompile Include="main.cpp">
      <Filter>Source Files</Filter>
    </ClCompile>
    <ClCompile Include="src\AntTweakBar.cpp">
      <Filter>src</Filter>
    </ClCompile>
    <ClCompile Include="src\BaseObject.cpp">
      <Filter>src</Filter>
    </ClCompile>
    <ClCompile Include="src\CMatrix.cpp">
      <Filter>src</Filter>
    </ClCompile>
    <ClCompile Include="src\Color3D.cpp">
      <Filter>src</Filter>
    </ClCompile>
    <ClCompile Include="src\CPoint3d.cpp">
      <Filter>src</Filter>
    </ClCompile>
    <ClCompile Include="src\gl2ps.cpp">
      <Filter>src</Filter>
    </ClCompile>
    <ClCompile Include="src\OctVoxel.cpp">
      <Filter>src</Filter>
    </ClCompile>
    <ClCompile Include="src\OpenGL.cpp">
      <Filter>src</Filter>
    </ClCompile>
    <ClCompile Include="src\OpenGLDraw.cpp">
      <Filter>src</Filter>
    </ClCompile>
    <ClCompile Include="src\OpenGLWindow.cpp">
      <Filter>src</Filter>
    </ClCompile>
    <ClCompile Include="src\RunOpenGL.cpp">
      <Filter>src</Filter>
    </ClCompile>
    <ClCompile Include="Model.cpp">
      <Filter>src</Filter>
    </ClCompile>
    <ClCompile Include="CubePathPlanning\CubePath.cpp">
      <Filter>CubePathPlanning</Filter>
    </ClCompile>
    <ClCompile Include="TetrahedronPathPlanning\TetrahedronPathPlanning.cpp">
      <Filter>Tetrahedron</Filter>
    </ClCompile>
    <ClCompile Include="CubePathPlanning\CubePathPlanning.cpp">
      <Filter>CubePathPlanning</Filter>
    </ClCompile>
  </ItemGroup>
  <ItemGroup>
    <ClInclude Include="include\AntTweakBar.h">
      <Filter>include</Filter>
    </ClInclude>
    <ClInclude Include="include\BaseObject.h">
      <Filter>include</Filter>
    </ClInclude>
    <ClInclude Include="include\CMatrix.h">
      <Filter>include</Filter>
    </ClInclude>
    <ClInclude Include="include\Color3D.h">
      <Filter>include</Filter>
    </ClInclude>
    <ClInclude Include="include\CPoint3d.h">
      <Filter>include</Filter>
    </ClInclude>
    <ClInclude Include="include\gl_screenshot.h">
      <Filter>include</Filter>
    </ClInclude>
    <ClInclude Include="include\gl2ps.h">
      <Filter>include</Filter>
    </ClInclude>
    <ClInclude Include="include\Linear3d.h">
      <Filter>include</Filter>
    </ClInclude>
    <ClInclude Include="include\OctVoxel.h">
      <Filter>include</Filter>
    </ClInclude>
    <ClInclude Include="include\OpenGL.h">
      <Filter>include</Filter>
    </ClInclude>
    <ClInclude Include="include\OpenGLprimitive.h">
      <Filter>include</Filter>
    </ClInclude>
    <ClInclude Include="include\OpenGLWindow.h">
      <Filter>include</Filter>
    </ClInclude>
    <ClInclude Include="include\TimeTool.h">
      <Filter>include</Filter>
    </ClInclude>
    <ClInclude Include="stdafx.h">
      <Filter>Source Files</Filter>
    </ClInclude>
    <ClInclude Include="func.h">
      <Filter>Source Files</Filter>
    </ClInclude>
  </ItemGroup>
</Project>